
Microsoft Visual Studio Solution File, Format Version 12.00
# Visual Studio Version 17
VisualStudioVersion = 17.8.34330.188
MinimumVisualStudioVersion = 10.0.40219.1
Project("{FAE04EC0-301F-11D3-BF4B-00C04F79EFBC}") = "Dotnet8.MinimalAPI", "Dotnet8.MinimalAPI\Dotnet8.MinimalAPI.csproj", "{D94BDF4A-F76D-414D-87D7-D73DEA1D739B}"
EndProject
Global
	GlobalSection(SolutionConfigurationPlatforms) = preSolution
		Debug|Any CPU = Debug|Any CPU
		Release|Any CPU = Release|Any CPU
	EndGlobalSection
	GlobalSection(ProjectConfigurationPlatforms) = postSolution
		{D94BDF4A-F76D-414D-87D7-D73DEA1D739B}.Debug|Any CPU.ActiveCfg = Debug|Any CPU
		{D94BDF4A-F76D-414D-87D7-D73DEA1D739B}.Debug|Any CPU.Build.0 = Debug|Any CPU
		{D94BDF4A-F76D-414D-87D7-D73DEA1D739B}.Release|Any CPU.ActiveCfg = Release|Any CPU
		{D94BDF4A-F76D-414D-87D7-D73DEA1D739B}.Release|Any CPU.Build.0 = Release|Any CPU
	EndGlobalSection
	GlobalSection(SolutionProperties) = preSolution
		HideSolutionNode = FALSE
	EndGlobalSection
	GlobalSection(ExtensibilityGlobals) = postSolution
		SolutionGuid = {4F4545FB-1C86-442F-A516-D00E82A64B71}
	EndGlobalSection
EndGlobal
